
Microsoft Visual Studio Solution File, Format Version 12.00
# Visual Studio 2012
VisualStudioVersion = 14.0.23107.0
MinimumVisualStudioVersion = 10.0.40219.1
Project("{FAE04EC0-301F-11D3-BF4B-00C04F79EFBC}") = "EmotionDetector", "EmotionDetector\EmotionDetector\EmotionDetector.csproj", "{4EFF687D-F821-42E2-8C6F-D4B47C7AE080}"
EndProject
Project("{FAE04EC0-301F-11D3-BF4B-00C04F79EFBC}") = "EmotionDetector.iOS", "EmotionDetector\EmotionDetector.iOS\EmotionDetector.iOS.csproj", "{34C6E30C-7A03-4C21-B3F7-D1634BF1884F}"
EndProject
Project("{FAE04EC0-301F-11D3-BF4B-00C04F79EFBC}") = "EmotionDetector.Droid", "EmotionDetector\EmotionDetector.Droid\EmotionDetector.Droid.csproj", "{04979926-456E-4AE9-8B2F-BC8DC666FEEA}"
EndProject
Project("{FAE04EC0-301F-11D3-BF4B-00C04F79EFBC}") = "EmotionDetector.WinPhone", "EmotionDetector\EmotionDetector.WinPhone\EmotionDetector.WinPhone.csproj", "{FFD051C4-B778-4FB1-A1DA-1F4A0C58B8E7}"
EndProject
Global
	GlobalSection(SolutionConfigurationPlatforms) = preSolution
		Debug|Any CPU = Debug|Any CPU
		Debug|ARM = Debug|ARM
		Debug|iPhone = Debug|iPhone
		Debug|iPhoneSimulator = Debug|iPhoneSimulator
		Debug|x86 = Debug|x86
		Release|Any CPU = Release|Any CPU
		Release|ARM = Release|ARM
		Release|iPhone = Release|iPhone
		Release|iPhoneSimulator = Release|iPhoneSimulator
		Release|x86 = Release|x86
	EndGlobalSection
	GlobalSection(ProjectConfigurationPlatforms) = postSolution
		{04979926-456E-4AE9-8B2F-BC8DC666FEEA}.Debug|Any CPU.ActiveCfg = Debug|Any CPU
		{04979926-456E-4AE9-8B2F-BC8DC666FEEA}.Debug|Any CPU.Build.0 = Debug|Any CPU
		{04979926-456E-4AE9-8B2F-BC8DC666FEEA}.Debug|Any CPU.Deploy.0 = Debug|Any CPU
		{04979926-456E-4AE9-8B2F-BC8DC666FEEA}.Debug|ARM.ActiveCfg = Debug|Any CPU
		{04979926-456E-4AE9-8B2F-BC8DC666FEEA}.Debug|ARM.Build.0 = Debug|Any CPU
		{04979926-456E-4AE9-8B2F-BC8DC666FEEA}.Debug|ARM.Deploy.0 = Debug|Any CPU
		{04979926-456E-4AE9-8B2F-BC8DC666FEEA}.Debug|iPhone.ActiveCfg = Debug|Any CPU
		{04979926-456E-4AE9-8B2F-BC8DC666FEEA}.Debug|iPhone.Build.0 = Debug|Any CPU
		{04979926-456E-4AE9-8B2F-BC8DC666FEEA}.Debug|iPhone.Deploy.0 = Debug|Any CPU
		{04979926-456E-4AE9-8B2F-BC8DC666FEEA}.Debug|iPhoneSimulator.ActiveCfg = Debug|Any CPU
		{04979926-456E-4AE9-8B2F-BC8DC666FEEA}.Debug|iPhoneSimulator.Build.0 = Debug|Any CPU
		{04979926-456E-4AE9-8B2F-BC8DC666FEEA}.Debug|iPhoneSimulator.Deploy.0 = Debug|Any CPU
		{04979926-456E-4AE9-8B2F-BC8DC666FEEA}.Debug|x86.ActiveCfg = Debug|Any CPU
		{04979926-456E-4AE9-8B2F-BC8DC666FEEA}.Debug|x86.Build.0 = Debug|Any CPU
		{04979926-456E-4AE9-8B2F-BC8DC666FEEA}.Debug|x86.Deploy.0 = Debug|Any CPU
		{04979926-456E-4AE9-8B2F-BC8DC666FEEA}.Release|Any CPU.ActiveCfg = Release|Any CPU
		{04979926-456E-4AE9-8B2F-BC8DC666FEEA}.Release|Any CPU.Build.0 = Release|Any CPU
		{04979926-456E-4AE9-8B2F-BC8DC666FEEA}.Release|Any CPU.Deploy.0 = Release|Any CPU
		{04979926-456E-4AE9-8B2F-BC8DC666FEEA}.Release|ARM.ActiveCfg = Release|Any CPU
		{04979926-456E-4AE9-8B2F-BC8DC666FEEA}.Release|ARM.Build.0 = Release|Any CPU
		{04979926-456E-4AE9-8B2F-BC8DC666FEEA}.Release|ARM.Deploy.0 = Release|Any CPU
		{04979926-456E-4AE9-8B2F-BC8DC666FEEA}.Release|iPhone.ActiveCfg = Release|Any CPU
		{04979926-456E-4AE9-8B2F-BC8DC666FEEA}.Release|iPhone.Build.0 = Release|Any CPU
		{04979926-456E-4AE9-8B2F-BC8DC666FEEA}.Release|iPhone.Deploy.0 = Release|Any CPU
		{04979926-456E-4AE9-8B2F-BC8DC666FEEA}.Release|iPhoneSimulator.ActiveCfg = Release|Any CPU
		{04979926-456E-4AE9-8B2F-BC8DC666FEEA}.Release|iPhoneSimulator.Build.0 = Release|Any CPU
		{04979926-456E-4AE9-8B2F-BC8DC666FEEA}.Release|iPhoneSimulator.Deploy.0 = Release|Any CPU
		{04979926-456E-4AE9-8B2F-BC8DC666FEEA}.Release|x86.ActiveCfg = Release|Any CPU
		{04979926-456E-4AE9-8B2F-BC8DC666FEEA}.Release|x86.Build.0 = Release|Any CPU
		{04979926-456E-4AE9-8B2F-BC8DC666FEEA}.Release|x86.Deploy.0 = Release|Any CPU
		{34C6E30C-7A03-4C21-B3F7-D1634BF1884F}.Debug|Any CPU.ActiveCfg = Debug|iPhone
		{34C6E30C-7A03-4C21-B3F7-D1634BF1884F}.Debug|ARM.ActiveCfg = Debug|iPhone
		{34C6E30C-7A03-4C21-B3F7-D1634BF1884F}.Debug|iPhone.ActiveCfg = Debug|iPhone
		{34C6E30C-7A03-4C21-B3F7-D1634BF1884F}.Debug|iPhone.Build.0 = Debug|iPhone
		{34C6E30C-7A03-4C21-B3F7-D1634BF1884F}.Debug|iPhoneSimulator.ActiveCfg = Debug|iPhoneSimulator
		{34C6E30C-7A03-4C21-B3F7-D1634BF1884F}.Debug|iPhoneSimulator.Build.0 = Debug|iPhoneSimulator
		{34C6E30C-7A03-4C21-B3F7-D1634BF1884F}.Debug|x86.ActiveCfg = Debug|iPhone
		{34C6E30C-7A03-4C21-B3F7-D1634BF1884F}.Release|Any CPU.ActiveCfg = Release|iPhone
		{34C6E30C-7A03-4C21-B3F7-D1634BF1884F}.Release|ARM.ActiveCfg = Release|iPhone
		{34C6E30C-7A03-4C21-B3F7-D1634BF1884F}.Release|iPhone.ActiveCfg = Release|iPhone
		{34C6E30C-7A03-4C21-B3F7-D1634BF1884F}.Release|iPhone.Build.0 = Release|iPhone
		{34C6E30C-7A03-4C21-B3F7-D1634BF1884F}.Release|iPhoneSimulator.ActiveCfg = Release|iPhoneSimulator
		{34C6E30C-7A03-4C21-B3F7-D1634BF1884F}.Release|iPhoneSimulator.Build.0 = Release|iPhoneSimulator
		{34C6E30C-7A03-4C21-B3F7-D1634BF1884F}.Release|x86.ActiveCfg = Release|iPhone
		{4EFF687D-F821-42E2-8C6F-D4B47C7AE080}.Debug|Any CPU.ActiveCfg = Debug|Any CPU
		{4EFF687D-F821-42E2-8C6F-D4B47C7AE080}.Debug|Any CPU.Build.0 = Debug|Any CPU
		{4EFF687D-F821-42E2-8C6F-D4B47C7AE080}.Debug|ARM.ActiveCfg = Debug|Any CPU
		{4EFF687D-F821-42E2-8C6F-D4B47C7AE080}.Debug|ARM.Build.0 = Debug|Any CPU
		{4EFF687D-F821-42E2-8C6F-D4B47C7AE080}.Debug|iPhone.ActiveCfg = Debug|Any CPU
		{4EFF687D-F821-42E2-8C6F-D4B47C7AE080}.Debug|iPhone.Build.0 = Debug|Any CPU
		{4EFF687D-F821-42E2-8C6F-D4B47C7AE080}.Debug|iPhoneSimulator.ActiveCfg = Debug|Any CPU
		{4EFF687D-F821-42E2-8C6F-D4B47C7AE080}.Debug|iPhoneSimulator.Build.0 = Debug|Any CPU
		{4EFF687D-F821-42E2-8C6F-D4B47C7AE080}.Debug|x86.ActiveCfg = Debug|Any CPU
		{4EFF687D-F821-42E2-8C6F-D4B47C7AE080}.Debug|x86.Build.0 = Debug|Any CPU
		{4EFF687D-F821-42E2-8C6F-D4B47C7AE080}.Release|Any CPU.ActiveCfg = Release|Any CPU
		{4EFF687D-F821-42E2-8C6F-D4B47C7AE080}.Release|Any CPU.Build.0 = Release|Any CPU
		{4EFF687D-F821-42E2-8C6F-D4B47C7AE080}.Release|ARM.ActiveCfg = Release|Any CPU
		{4EFF687D-F821-42E2-8C6F-D4B47C7AE080}.Release|ARM.Build.0 = Release|Any CPU
		{4EFF687D-F821-42E2-8C6F-D4B47C7AE080}.Release|iPhone.ActiveCfg = Release|Any CPU
		{4EFF687D-F821-42E2-8C6F-D4B47C7AE080}.Release|iPhone.Build.0 = Release|Any CPU
		{4EFF687D-F821-42E2-8C6F-D4B47C7AE080}.Release|iPhoneSimulator.ActiveCfg = Release|Any CPU
		{4EFF687D-F821-42E2-8C6F-D4B47C7AE080}.Release|iPhoneSimulator.Build.0 = Release|Any CPU
		{4EFF687D-F821-42E2-8C6F-D4B47C7AE080}.Release|x86.ActiveCfg = Release|Any CPU
		{4EFF687D-F821-42E2-8C6F-D4B47C7AE080}.Release|x86.Build.0 = Release|Any CPU
		{FFD051C4-B778-4FB1-A1DA-1F4A0C58B8E7}.Debug|Any CPU.ActiveCfg = Debug|Any CPU
		{FFD051C4-B778-4FB1-A1DA-1F4A0C58B8E7}.Debug|Any CPU.Build.0 = Debug|Any CPU
		{FFD051C4-B778-4FB1-A1DA-1F4A0C58B8E7}.Debug|Any CPU.Deploy.0 = Debug|Any CPU
		{FFD051C4-B778-4FB1-A1DA-1F4A0C58B8E7}.Debug|ARM.ActiveCfg = Debug|ARM
		{FFD051C4-B778-4FB1-A1DA-1F4A0C58B8E7}.Debug|ARM.Build.0 = Debug|ARM
		{FFD051C4-B778-4FB1-A1DA-1F4A0C58B8E7}.Debug|ARM.Deploy.0 = Debug|ARM
		{FFD051C4-B778-4FB1-A1DA-1F4A0C58B8E7}.Debug|iPhone.ActiveCfg = Debug|Any CPU
		{FFD051C4-B778-4FB1-A1DA-1F4A0C58B8E7}.Debug|iPhone.Build.0 = Debug|Any CPU
		{FFD051C4-B778-4FB1-A1DA-1F4A0C58B8E7}.Debug|iPhone.Deploy.0 = Debug|Any CPU
		{FFD051C4-B778-4FB1-A1DA-1F4A0C58B8E7}.Debug|iPhoneSimulator.ActiveCfg = Debug|Any CPU
		{FFD051C4-B778-4FB1-A1DA-1F4A0C58B8E7}.Debug|iPhoneSimulator.Build.0 = Debug|Any CPU
		{FFD051C4-B778-4FB1-A1DA-1F4A0C58B8E7}.Debug|iPhoneSimulator.Deploy.0 = Debug|Any CPU
		{FFD051C4-B778-4FB1-A1DA-1F4A0C58B8E7}.Debug|x86.ActiveCfg = Debug|x86
		{FFD051C4-B778-4FB1-A1DA-1F4A0C58B8E7}.Debug|x86.Build.0 = Debug|x86
		{FFD051C4-B778-4FB1-A1DA-1F4A0C58B8E7}.Debug|x86.Deploy.0 = Debug|x86
		{FFD051C4-B778-4FB1-A1DA-1F4A0C58B8E7}.Release|Any CPU.ActiveCfg = Release|Any CPU
		{FFD051C4-B778-4FB1-A1DA-1F4A0C58B8E7}.Release|Any CPU.Build.0 = Release|Any CPU
		{FFD051C4-B778-4FB1-A1DA-1F4A0C58B8E7}.Release|Any CPU.Deploy.0 = Release|Any CPU
		{FFD051C4-B778-4FB1-A1DA-1F4A0C58B8E7}.Release|ARM.ActiveCfg = Release|ARM
		{FFD051C4-B778-4FB1-A1DA-1F4A0C58B8E7}.Release|ARM.Build.0 = Release|ARM
		{FFD051C4-B778-4FB1-A1DA-1F4A0C58B8E7}.Release|ARM.Deploy.0 = Release|ARM
		{FFD051C4-B778-4FB1-A1DA-1F4A0C58B8E7}.Release|iPhone.ActiveCfg = Release|Any CPU
		{FFD051C4-B778-4FB1-A1DA-1F4A0C58B8E7}.Release|iPhone.Build.0 = Release|Any CPU
		{FFD051C4-B778-4FB1-A1DA-1F4A0C58B8E7}.Release|iPhone.Deploy.0 = Release|Any CPU
		{FFD051C4-B778-4FB1-A1DA-1F4A0C58B8E7}.Release|iPhoneSimulator.ActiveCfg = Release|Any CPU
		{FFD051C4-B778-4FB1-A1DA-1F4A0C58B8E7}.Release|iPhoneSimulator.Build.0 = Release|Any CPU
		{FFD051C4-B778-4FB1-A1DA-1F4A0C58B8E7}.Release|iPhoneSimulator.Deploy.0 = Release|Any CPU
		{FFD051C4-B778-4FB1-A1DA-1F4A0C58B8E7}.Release|x86.ActiveCfg = Release|x86
		{FFD051C4-B778-4FB1-A1DA-1F4A0C58B8E7}.Release|x86.Build.0 = Release|x86
		{FFD051C4-B778-4FB1-A1DA-1F4A0C58B8E7}.Release|x86.Deploy.0 = Release|x86
	EndGlobalSection
	GlobalSection(SolutionProperties) = preSolution
		HideSolutionNode = FALSE
	EndGlobalSection
EndGlobal
